
Microsoft Visual Studio Solution File, Format Version 12.00
# Visual Studio Version 17
VisualStudioVersion = 17.0.31903.59
MinimumVisualStudioVersion = 10.0.40219.1
Project("{2150E333-8FDC-42A3-9474-1A3956D46DE8}") = "src", "src", "{827E0CD3-B72D-47B6-A68D-7590B98EB39B}"
EndProject
Project("{2150E333-8FDC-42A3-9474-1A3956D46DE8}") = "Services", "Services", "{984BB9B3-3FA3-BE33-9484-CAC21695A33C}"
EndProject
Project("{2150E333-8FDC-42A3-9474-1A3956D46DE8}") = "Infrastructure", "Infrastructure", "{9048EB7F-3875-A59E-E36B-5BD4C6F2A282}"
EndProject
Project("{FAE04EC0-301F-11D3-BF4B-00C04F79EFBC}") = "DistributedJoins.Infrastructure", "src\Infrastructure\DistributedJoins.Infrastructure.csproj", "{E24395E9-D004-4B77-91E9-DCFACA4F938F}"
EndProject
Project("{FAE04EC0-301F-11D3-BF4B-00C04F79EFBC}") = "DistributedJoins.Services", "src\Services\DistributedJoins.Services.csproj", "{C8E5D4B6-42FB-4791-8D72-011969EA9CCF}"
EndProject
Project("{2150E333-8FDC-42A3-9474-1A3956D46DE8}") = "Domain", "Domain", "{8B290487-4C16-E85E-E807-F579CBE9FC4D}"
EndProject
Project("{FAE04EC0-301F-11D3-BF4B-00C04F79EFBC}") = "DistributedJoins.Domain", "src\Domain\DistributedJoins.Domain.csproj", "{EE33EAB5-9072-47B2-95F8-CEB3E293D662}"
EndProject
Project("{2150E333-8FDC-42A3-9474-1A3956D46DE8}") = "Api ", "Api ", "{D00C3EA6-7949-FF73-8D95-F32997D98901}"
EndProject
Project("{FAE04EC0-301F-11D3-BF4B-00C04F79EFBC}") = "DistributedJoins.Api", "src\Api\DistributedJoins.Api.csproj", "{8B43DD4E-9BBE-4B49-94C8-74DF645D2B8B}"
EndProject
Global
	GlobalSection(SolutionConfigurationPlatforms) = preSolution
		Debug|Any CPU = Debug|Any CPU
		Debug|x64 = Debug|x64
		Debug|x86 = Debug|x86
		Release|Any CPU = Release|Any CPU
		Release|x64 = Release|x64
		Release|x86 = Release|x86
	EndGlobalSection
	GlobalSection(ProjectConfigurationPlatforms) = postSolution
		{E24395E9-D004-4B77-91E9-DCFACA4F938F}.Debug|Any CPU.ActiveCfg = Debug|Any CPU
		{E24395E9-D004-4B77-91E9-DCFACA4F938F}.Debug|Any CPU.Build.0 = Debug|Any CPU
		{E24395E9-D004-4B77-91E9-DCFACA4F938F}.Debug|x64.ActiveCfg = Debug|Any CPU
		{E24395E9-D004-4B77-91E9-DCFACA4F938F}.Debug|x64.Build.0 = Debug|Any CPU
		{E24395E9-D004-4B77-91E9-DCFACA4F938F}.Debug|x86.ActiveCfg = Debug|Any CPU
		{E24395E9-D004-4B77-91E9-DCFACA4F938F}.Debug|x86.Build.0 = Debug|Any CPU
		{E24395E9-D004-4B77-91E9-DCFACA4F938F}.Release|Any CPU.ActiveCfg = Release|Any CPU
		{E24395E9-D004-4B77-91E9-DCFACA4F938F}.Release|Any CPU.Build.0 = Release|Any CPU
		{E24395E9-D004-4B77-91E9-DCFACA4F938F}.Release|x64.ActiveCfg = Release|Any CPU
		{E24395E9-D004-4B77-91E9-DCFACA4F938F}.Release|x64.Build.0 = Release|Any CPU
		{E24395E9-D004-4B77-91E9-DCFACA4F938F}.Release|x86.ActiveCfg = Release|Any CPU
		{E24395E9-D004-4B77-91E9-DCFACA4F938F}.Release|x86.Build.0 = Release|Any CPU
		{C8E5D4B6-42FB-4791-8D72-011969EA9CCF}.Debug|Any CPU.ActiveCfg = Debug|Any CPU
		{C8E5D4B6-42FB-4791-8D72-011969EA9CCF}.Debug|Any CPU.Build.0 = Debug|Any CPU
		{C8E5D4B6-42FB-4791-8D72-011969EA9CCF}.Debug|x64.ActiveCfg = Debug|Any CPU
		{C8E5D4B6-42FB-4791-8D72-011969EA9CCF}.Debug|x64.Build.0 = Debug|Any CPU
		{C8E5D4B6-42FB-4791-8D72-011969EA9CCF}.Debug|x86.ActiveCfg = Debug|Any CPU
		{C8E5D4B6-42FB-4791-8D72-011969EA9CCF}.Debug|x86.Build.0 = Debug|Any CPU
		{C8E5D4B6-42FB-4791-8D72-011969EA9CCF}.Release|Any CPU.ActiveCfg = Release|Any CPU
		{C8E5D4B6-42FB-4791-8D72-011969EA9CCF}.Release|Any CPU.Build.0 = Release|Any CPU
		{C8E5D4B6-42FB-4791-8D72-011969EA9CCF}.Release|x64.ActiveCfg = Release|Any CPU
		{C8E5D4B6-42FB-4791-8D72-011969EA9CCF}.Release|x64.Build.0 = Release|Any CPU
		{C8E5D4B6-42FB-4791-8D72-011969EA9CCF}.Release|x86.ActiveCfg = Release|Any CPU
		{C8E5D4B6-42FB-4791-8D72-011969EA9CCF}.Release|x86.Build.0 = Release|Any CPU
		{EE33EAB5-9072-47B2-95F8-CEB3E293D662}.Debug|Any CPU.ActiveCfg = Debug|Any CPU
		{EE33EAB5-9072-47B2-95F8-CEB3E293D662}.Debug|Any CPU.Build.0 = Debug|Any CPU
		{EE33EAB5-9072-47B2-95F8-CEB3E293D662}.Debug|x64.ActiveCfg = Debug|Any CPU
		{EE33EAB5-9072-47B2-95F8-CEB3E293D662}.Debug|x64.Build.0 = Debug|Any CPU
		{EE33EAB5-9072-47B2-95F8-CEB3E293D662}.Debug|x86.ActiveCfg = Debug|Any CPU
		{EE33EAB5-9072-47B2-95F8-CEB3E293D662}.Debug|x86.Build.0 = Debug|Any CPU
		{EE33EAB5-9072-47B2-95F8-CEB3E293D662}.Release|Any CPU.ActiveCfg = Release|Any CPU
		{EE33EAB5-9072-47B2-95F8-CEB3E293D662}.Release|Any CPU.Build.0 = Release|Any CPU
		{EE33EAB5-9072-47B2-95F8-CEB3E293D662}.Release|x64.ActiveCfg = Release|Any CPU
		{EE33EAB5-9072-47B2-95F8-CEB3E293D662}.Release|x64.Build.0 = Release|Any CPU
		{EE33EAB5-9072-47B2-95F8-CEB3E293D662}.Release|x86.ActiveCfg = Release|Any CPU
		{EE33EAB5-9072-47B2-95F8-CEB3E293D662}.Release|x86.Build.0 = Release|Any CPU
		{8B43DD4E-9BBE-4B49-94C8-74DF645D2B8B}.Debug|Any CPU.ActiveCfg = Debug|Any CPU
		{8B43DD4E-9BBE-4B49-94C8-74DF645D2B8B}.Debug|Any CPU.Build.0 = Debug|Any CPU
		{8B43DD4E-9BBE-4B49-94C8-74DF645D2B8B}.Debug|x64.ActiveCfg = Debug|Any CPU
		{8B43DD4E-9BBE-4B49-94C8-74DF645D2B8B}.Debug|x64.Build.0 = Debug|Any CPU
		{8B43DD4E-9BBE-4B49-94C8-74DF645D2B8B}.Debug|x86.ActiveCfg = Debug|Any CPU
		{8B43DD4E-9BBE-4B49-94C8-74DF645D2B8B}.Debug|x86.Build.0 = Debug|Any CPU
		{8B43DD4E-9BBE-4B49-94C8-74DF645D2B8B}.Release|Any CPU.ActiveCfg = Release|Any CPU
		{8B43DD4E-9BBE-4B49-94C8-74DF645D2B8B}.Release|Any CPU.Build.0 = Release|Any CPU
		{8B43DD4E-9BBE-4B49-94C8-74DF645D2B8B}.Release|x64.ActiveCfg = Release|Any CPU
		{8B43DD4E-9BBE-4B49-94C8-74DF645D2B8B}.Release|x64.Build.0 = Release|Any CPU
		{8B43DD4E-9BBE-4B49-94C8-74DF645D2B8B}.Release|x86.ActiveCfg = Release|Any CPU
		{8B43DD4E-9BBE-4B49-94C8-74DF645D2B8B}.Release|x86.Build.0 = Release|Any CPU
		{44D8F81F-D9E0-4A67-AB9F-191464FF3657}.Debug|Any CPU.ActiveCfg = Debug|Any CPU
		{44D8F81F-D9E0-4A67-AB9F-191464FF3657}.Debug|Any CPU.Build.0 = Debug|Any CPU
		{44D8F81F-D9E0-4A67-AB9F-191464FF3657}.Debug|x64.ActiveCfg = Debug|Any CPU
		{44D8F81F-D9E0-4A67-AB9F-191464FF3657}.Debug|x64.Build.0 = Debug|Any CPU
		{44D8F81F-D9E0-4A67-AB9F-191464FF3657}.Debug|x86.ActiveCfg = Debug|Any CPU
		{44D8F81F-D9E0-4A67-AB9F-191464FF3657}.Debug|x86.Build.0 = Debug|Any CPU
		{44D8F81F-D9E0-4A67-AB9F-191464FF3657}.Release|Any CPU.ActiveCfg = Release|Any CPU
		{44D8F81F-D9E0-4A67-AB9F-191464FF3657}.Release|Any CPU.Build.0 = Release|Any CPU
		{44D8F81F-D9E0-4A67-AB9F-191464FF3657}.Release|x64.ActiveCfg = Release|Any CPU
		{44D8F81F-D9E0-4A67-AB9F-191464FF3657}.Release|x64.Build.0 = Release|Any CPU
		{44D8F81F-D9E0-4A67-AB9F-191464FF3657}.Release|x86.ActiveCfg = Release|Any CPU
		{44D8F81F-D9E0-4A67-AB9F-191464FF3657}.Release|x86.Build.0 = Release|Any CPU
	EndGlobalSection
	GlobalSection(SolutionProperties) = preSolution
		HideSolutionNode = FALSE
	EndGlobalSection
	GlobalSection(NestedProjects) = preSolution
		{984BB9B3-3FA3-BE33-9484-CAC21695A33C} = {827E0CD3-B72D-47B6-A68D-7590B98EB39B}
		{9048EB7F-3875-A59E-E36B-5BD4C6F2A282} = {827E0CD3-B72D-47B6-A68D-7590B98EB39B}
		{E24395E9-D004-4B77-91E9-DCFACA4F938F} = {9048EB7F-3875-A59E-E36B-5BD4C6F2A282}
		{C8E5D4B6-42FB-4791-8D72-011969EA9CCF} = {984BB9B3-3FA3-BE33-9484-CAC21695A33C}
		{8B290487-4C16-E85E-E807-F579CBE9FC4D} = {827E0CD3-B72D-47B6-A68D-7590B98EB39B}
		{EE33EAB5-9072-47B2-95F8-CEB3E293D662} = {8B290487-4C16-E85E-E807-F579CBE9FC4D}
		{D00C3EA6-7949-FF73-8D95-F32997D98901} = {827E0CD3-B72D-47B6-A68D-7590B98EB39B}
		{8B43DD4E-9BBE-4B49-94C8-74DF645D2B8B} = {D00C3EA6-7949-FF73-8D95-F32997D98901}
	EndGlobalSection
EndGlobal
